
Microsoft Visual Studio Solution File, Format Version 12.00
# Visual Studio Version 16
VisualStudioVersion = 25.0.1706.0
MinimumVisualStudioVersion = 10.0.40219.1
Project("{FAE04EC0-301F-11D3-BF4B-00C04F79EFBC}") = "CRUDUsersApi", "CRUDUsersApi\CRUDUsersApi.csproj", "{651FD8D4-A4C5-4071-96B7-D4E7BA94656F}"
EndProject
Project("{FAE04EC0-301F-11D3-BF4B-00C04F79EFBC}") = "Tests", "Tests\Tests.csproj", "{9A0CCA57-0EAE-4518-BB90-9745B596B760}"
EndProject
Global
	GlobalSection(SolutionConfigurationPlatforms) = preSolution
		Debug|Any CPU = Debug|Any CPU
		Release|Any CPU = Release|Any CPU
	EndGlobalSection
	GlobalSection(ProjectConfigurationPlatforms) = postSolution
		{651FD8D4-A4C5-4071-96B7-D4E7BA94656F}.Debug|Any CPU.ActiveCfg = Debug|Any CPU
		{651FD8D4-A4C5-4071-96B7-D4E7BA94656F}.Debug|Any CPU.Build.0 = Debug|Any CPU
		{651FD8D4-A4C5-4071-96B7-D4E7BA94656F}.Release|Any CPU.ActiveCfg = Release|Any CPU
		{651FD8D4-A4C5-4071-96B7-D4E7BA94656F}.Release|Any CPU.Build.0 = Release|Any CPU
		{9A0CCA57-0EAE-4518-BB90-9745B596B760}.Debug|Any CPU.ActiveCfg = Debug|Any CPU
		{9A0CCA57-0EAE-4518-BB90-9745B596B760}.Debug|Any CPU.Build.0 = Debug|Any CPU
		{9A0CCA57-0EAE-4518-BB90-9745B596B760}.Release|Any CPU.ActiveCfg = Release|Any CPU
		{9A0CCA57-0EAE-4518-BB90-9745B596B760}.Release|Any CPU.Build.0 = Release|Any CPU
	EndGlobalSection
	GlobalSection(SolutionProperties) = preSolution
		HideSolutionNode = FALSE
	EndGlobalSection
	GlobalSection(ExtensibilityGlobals) = postSolution
		SolutionGuid = {92C673F0-55B1-4EE6-8373-24C12BEA8F68}
	EndGlobalSection
EndGlobal
